
Microsoft Visual Studio Solution File, Format Version 12.00
# Visual Studio Version 17
VisualStudioVersion = 17.6.33829.357
MinimumVisualStudioVersion = 10.0.40219.1
Project("{9A19103F-16F7-4668-BE54-9A1E7A4F7556}") = "FloatTobinaryAndSum", "FloatTobinaryAndSum.csproj", "{0CE29827-CB77-4A47-A38B-0A7A6E03AE71}"
EndProject
Project("{9A19103F-16F7-4668-BE54-9A1E7A4F7556}") = "Variables", "..\Variables\Variables.csproj", "{63780F84-7333-44D6-9537-1D905FEDFA92}"
EndProject
Global
	GlobalSection(SolutionConfigurationPlatforms) = preSolution
		Debug|Any CPU = Debug|Any CPU
		Release|Any CPU = Release|Any CPU
	EndGlobalSection
	GlobalSection(ProjectConfigurationPlatforms) = postSolution
		{0CE29827-CB77-4A47-A38B-0A7A6E03AE71}.Debug|Any CPU.ActiveCfg = Debug|Any CPU
		{0CE29827-CB77-4A47-A38B-0A7A6E03AE71}.Debug|Any CPU.Build.0 = Debug|Any CPU
		{0CE29827-CB77-4A47-A38B-0A7A6E03AE71}.Release|Any CPU.ActiveCfg = Release|Any CPU
		{0CE29827-CB77-4A47-A38B-0A7A6E03AE71}.Release|Any CPU.Build.0 = Release|Any CPU
		{63780F84-7333-44D6-9537-1D905FEDFA92}.Debug|Any CPU.ActiveCfg = Debug|Any CPU
		{63780F84-7333-44D6-9537-1D905FEDFA92}.Debug|Any CPU.Build.0 = Debug|Any CPU
		{63780F84-7333-44D6-9537-1D905FEDFA92}.Release|Any CPU.ActiveCfg = Release|Any CPU
		{63780F84-7333-44D6-9537-1D905FEDFA92}.Release|Any CPU.Build.0 = Release|Any CPU
	EndGlobalSection
	GlobalSection(SolutionProperties) = preSolution
		HideSolutionNode = FALSE
	EndGlobalSection
	GlobalSection(ExtensibilityGlobals) = postSolution
		SolutionGuid = {B076F72B-6E93-4664-B1D9-8B0BC50891FE}
	EndGlobalSection
EndGlobal
