
Microsoft Visual Studio Solution File, Format Version 12.00
# Visual Studio Version 17
VisualStudioVersion = 17.6.33829.357
MinimumVisualStudioVersion = 10.0.40219.1
Project("{FAE04EC0-301F-11D3-BF4B-00C04F79EFBC}") = "GenerationsTime", "GenerationsTime\GenerationsTime.csproj", "{F1B36605-C31C-4604-8CD7-938118F1C195}"
EndProject
Project("{9A19103F-16F7-4668-BE54-9A1E7A4F7556}") = "StaticScope1", "..\Assignment1\Assignment1\StaticScope1.csproj", "{7A93DB18-AE79-48F6-BB28-516454BEDE81}"
EndProject
Project("{9A19103F-16F7-4668-BE54-9A1E7A4F7556}") = "StaticScope2", "..\Assignment1\StaticScope2\StaticScope2.csproj", "{F40BEA5B-DB55-4F8E-94A5-8A0305A4D487}"
EndProject
Global
	GlobalSection(SolutionConfigurationPlatforms) = preSolution
		Debug|Any CPU = Debug|Any CPU
		Release|Any CPU = Release|Any CPU
	EndGlobalSection
	GlobalSection(ProjectConfigurationPlatforms) = postSolution
		{F1B36605-C31C-4604-8CD7-938118F1C195}.Debug|Any CPU.ActiveCfg = Debug|Any CPU
		{F1B36605-C31C-4604-8CD7-938118F1C195}.Debug|Any CPU.Build.0 = Debug|Any CPU
		{F1B36605-C31C-4604-8CD7-938118F1C195}.Release|Any CPU.ActiveCfg = Release|Any CPU
		{F1B36605-C31C-4604-8CD7-938118F1C195}.Release|Any CPU.Build.0 = Release|Any CPU
		{7A93DB18-AE79-48F6-BB28-516454BEDE81}.Debug|Any CPU.ActiveCfg = Debug|Any CPU
		{7A93DB18-AE79-48F6-BB28-516454BEDE81}.Debug|Any CPU.Build.0 = Debug|Any CPU
		{7A93DB18-AE79-48F6-BB28-516454BEDE81}.Release|Any CPU.ActiveCfg = Release|Any CPU
		{7A93DB18-AE79-48F6-BB28-516454BEDE81}.Release|Any CPU.Build.0 = Release|Any CPU
		{F40BEA5B-DB55-4F8E-94A5-8A0305A4D487}.Debug|Any CPU.ActiveCfg = Debug|Any CPU
		{F40BEA5B-DB55-4F8E-94A5-8A0305A4D487}.Debug|Any CPU.Build.0 = Debug|Any CPU
		{F40BEA5B-DB55-4F8E-94A5-8A0305A4D487}.Release|Any CPU.ActiveCfg = Release|Any CPU
		{F40BEA5B-DB55-4F8E-94A5-8A0305A4D487}.Release|Any CPU.Build.0 = Release|Any CPU
	EndGlobalSection
	GlobalSection(SolutionProperties) = preSolution
		HideSolutionNode = FALSE
	EndGlobalSection
	GlobalSection(ExtensibilityGlobals) = postSolution
		SolutionGuid = {D9C9A4CB-7E5A-452F-A2BF-1C834244EC40}
	EndGlobalSection
EndGlobal
